<?xml version="1.0" encoding="utf-8"?>
<Project ToolsVersion="4.0" xmlns="http://schemas.microsoft.com/developer/msbuild/2003">
  <ItemGroup>
    <Filter Include="Core">
      <UniqueIdentifier>{ad849ab4-39b7-4384-8edd-75aa7d8989c9}</UniqueIdentifier>
    </Filter>
    <Filter Include="Core\Graphics">
      <UniqueIdentifier>{173e6c13-aa26-4102-af27-3313ab3d607c}</UniqueIdentifier>
    </Filter>
    <Filter Include="Core\Object">
      <UniqueIdentifier>{fae98817-9a3f-4bfb-90d4-b0e1710ae4b4}</UniqueIdentifier>
    </Filter>
    <Filter Include="Core\Main">
      <UniqueIdentifier>{44dfceed-49ad-4153-8dd8-9d49b7befe40}</UniqueIdentifier>
    </Filter>
    <Filter Include="Script">
      <UniqueIdentifier>{43191d23-f096-4291-8655-4f8b427463d8}</UniqueIdentifier>
    </Filter>
    <Filter Include="Scene">
      <UniqueIdentifier>{effbbba1-fd5e-4c1c-b0a3-ebf572acb3c8}</UniqueIdentifier>
    </Filter>
    <Filter Include="Core\Physics">
      <UniqueIdentifier>{18ba455b-7671-49d5-b817-eda05d1fd10a}</UniqueIdentifier>
    </Filter>
  </ItemGroup>
  <ItemGroup>
    <ClCompile Include="Input.cpp">
      <Filter>Core</Filter>
    </ClCompile>
    <ClCompile Include="Sound.cpp">
      <Filter>Core</Filter>
    </ClCompile>
    <ClCompile Include="Direct3D.cpp">
      <Filter>Core\Graphics</Filter>
    </ClCompile>
    <ClCompile Include="Polygon.cpp">
      <Filter>Core\Graphics</Filter>
    </ClCompile>
    <ClCompile Include="Renderer.cpp">
      <Filter>Core\Graphics</Filter>
    </ClCompile>
    <ClCompile Include="Object.cpp">
      <Filter>Core\Object</Filter>
    </ClCompile>
    <ClCompile Include="ObjectManager.cpp">
      <Filter>Core\Object</Filter>
    </ClCompile>
    <ClCompile Include="Texture.cpp">
      <Filter>Core\Graphics</Filter>
    </ClCompile>
    <ClCompile Include="SceneGame.cpp">
      <Filter>Scene</Filter>
    </ClCompile>
    <ClCompile Include="Game.cpp">
      <Filter>Core\Main</Filter>
    </ClCompile>
    <ClCompile Include="GameManager.cpp">
      <Filter>Core\Main</Filter>
    </ClCompile>
    <ClCompile Include="main.cpp">
      <Filter>Core\Main</Filter>
    </ClCompile>
    <ClCompile Include="Time.cpp">
      <Filter>Core\Main</Filter>
    </ClCompile>
    <ClCompile Include="Player.cpp">
      <Filter>Script</Filter>
    </ClCompile>
    <ClCompile Include="Random.cpp">
      <Filter>Core</Filter>
    </ClCompile>
    <ClCompile Include="SceneTest.cpp">
      <Filter>Scene</Filter>
    </ClCompile>
    <ClCompile Include="Lerp.cpp">
      <Filter>Core</Filter>
    </ClCompile>
    <ClCompile Include="Physics.cpp">
      <Filter>Core\Physics</Filter>
    </ClCompile>
    <ClCompile Include="Collider.cpp">
      <Filter>Core\Physics</Filter>
    </ClCompile>
    <ClCompile Include="Rigidbody.cpp">
      <Filter>Core\Physics</Filter>
    </ClCompile>
    <ClCompile Include="Bullet.cpp">
      <Filter>Script</Filter>
    </ClCompile>
    <ClCompile Include="SceneTitle.cpp">
      <Filter>Scene</Filter>
    </ClCompile>
    <ClCompile Include="PolygonElement.cpp">
      <Filter>Script</Filter>
    </ClCompile>
    <ClCompile Include="FadeScreen.cpp">
      <Filter>Script</Filter>
    </ClCompile>
    <ClCompile Include="NumberUI.cpp">
      <Filter>Script</Filter>
    </ClCompile>
    <ClCompile Include="Enemy.cpp">
      <Filter>Script</Filter>
    </ClCompile>
    <ClCompile Include="SceneGameOver.cpp">
      <Filter>Scene</Filter>
    </ClCompile>
    <ClCompile Include="SceneClear.cpp">
      <Filter>Scene</Filter>
    </ClCompile>
    <ClCompile Include="Camera.cpp">
      <Filter>Core\Graphics</Filter>
    </ClCompile>
    <ClCompile Include="SmoothCamera.cpp">
      <Filter>Script</Filter>
    </ClCompile>
    <ClCompile Include="Window.cpp">
      <Filter>Core\Main</Filter>
    </ClCompile>
    <ClCompile Include="Vector.cpp">
      <Filter>Core</Filter>
    </ClCompile>
  </ItemGroup>
  <ItemGroup>
    <ClInclude Include="Input.h">
      <Filter>Core</Filter>
    </ClInclude>
    <ClInclude Include="Sound.h">
      <Filter>Core</Filter>
    </ClInclude>
    <ClInclude Include="Direct3D.h">
      <Filter>Core\Graphics</Filter>
    </ClInclude>
    <ClInclude Include="Layer.h">
      <Filter>Core\Graphics</Filter>
    </ClInclude>
    <ClInclude Include="Polygon.h">
      <Filter>Core\Graphics</Filter>
    </ClInclude>
    <ClInclude Include="Renderer.h">
      <Filter>Core\Graphics</Filter>
    </ClInclude>
    <ClInclude Include="Object.h">
      <Filter>Core\Object</Filter>
    </ClInclude>
    <ClInclude Include="ObjectManager.h">
      <Filter>Core\Object</Filter>
    </ClInclude>
    <ClInclude Include="Texture.h">
      <Filter>Core\Graphics</Filter>
    </ClInclude>
    <ClInclude Include="SceneGame.h">
      <Filter>Scene</Filter>
    </ClInclude>
    <ClInclude Include="Game.h">
      <Filter>Core\Main</Filter>
    </ClInclude>
    <ClInclude Include="GameManager.h">
      <Filter>Core\Main</Filter>
    </ClInclude>
    <ClInclude Include="main.h">
      <Filter>Core\Main</Filter>
    </ClInclude>
    <ClInclude Include="Time.h">
      <Filter>Core\Main</Filter>
    </ClInclude>
    <ClInclude Include="Player.h">
      <Filter>Script</Filter>
    </ClInclude>
    <ClInclude Include="Core.h">
      <Filter>Core</Filter>
    </ClInclude>
    <ClInclude Include="Random.h">
      <Filter>Core</Filter>
    </ClInclude>
    <ClInclude Include="SceneTest.h">
      <Filter>Scene</Filter>
    </ClInclude>
    <ClInclude Include="Lerp.h">
      <Filter>Core</Filter>
    </ClInclude>
    <ClInclude Include="Physics.h">
      <Filter>Core\Physics</Filter>
    </ClInclude>
    <ClInclude Include="Collider.h">
      <Filter>Core\Physics</Filter>
    </ClInclude>
    <ClInclude Include="Scene.h">
      <Filter>Scene</Filter>
    </ClInclude>
    <ClInclude Include="Rigidbody.h">
      <Filter>Core\Physics</Filter>
    </ClInclude>
    <ClInclude Include="Bullet.h">
      <Filter>Script</Filter>
    </ClInclude>
    <ClInclude Include="SceneTitle.h">
      <Filter>Scene</Filter>
    </ClInclude>
    <ClInclude Include="PolygonElement.h">
      <Filter>Script</Filter>
    </ClInclude>
    <ClInclude Include="ObjectType.h">
      <Filter>Core\Object</Filter>
    </ClInclude>
    <ClInclude Include="FadeScreen.h">
      <Filter>Script</Filter>
    </ClInclude>
    <ClInclude Include="RendererType.h">
      <Filter>Core\Graphics</Filter>
    </ClInclude>
    <ClInclude Include="NumberUI.h">
      <Filter>Script</Filter>
    </ClInclude>
    <ClInclude Include="Enemy.h">
      <Filter>Script</Filter>
    </ClInclude>
    <ClInclude Include="SceneGameOver.h">
      <Filter>Scene</Filter>
    </ClInclude>
    <ClInclude Include="SceneClear.h">
      <Filter>Scene</Filter>
    </ClInclude>
    <ClInclude Include="Singleton.h">
      <Filter>Core</Filter>
    </ClInclude>
    <ClInclude Include="Camera.h">
      <Filter>Core\Graphics</Filter>
    </ClInclude>
    <ClInclude Include="SmoothCamera.h">
      <Filter>Script</Filter>
    </ClInclude>
    <ClInclude Include="Window.h">
      <Filter>Core\Main</Filter>
    </ClInclude>
    <ClInclude Include="Vector.h">
      <Filter>Core</Filter>
    </ClInclude>
  </ItemGroup>
</Project>